<?xml version="1.0" encoding="utf-8"?>
<Project ToolsVersion="4.0" xmlns="http://schemas.microsoft.com/developer/msbuild/2003">
  <ItemGroup>
    <Filter Include="Ressourcendateien">
      <UniqueIdentifier>{67DA6AB6-F800-4c08-8B7A-83BB121AAD01}</UniqueIdentifier>
      <Extensions>rc;ico;cur;bmp;dlg;rc2;rct;bin;rgs;gif;jpg;jpeg;jpe;resx;tiff;tif;png;wav;mfcribbon-ms</Extensions>
    </Filter>
    <Filter Include="Quelldateien">
      <UniqueIdentifier>{4FC737F1-C7A5-4376-A066-2A32D752A2FF}</UniqueIdentifier>
      <Extensions>cpp;c;cc;cxx;def;odl;idl;hpj;bat;asm;asmx</Extensions>
    </Filter>
    <Filter Include="Shader">
      <UniqueIdentifier>{eed331f0-1536-4847-9bff-80324077e277}</UniqueIdentifier>
    </Filter>
    <Filter Include="DDSUtil">
      <UniqueIdentifier>{6ecd63d4-33ac-43d3-b50d-a7adb9ada7b4}</UniqueIdentifier>
    </Filter>
    <Filter Include="DDSUtil\DDSLoader">
      <UniqueIdentifier>{a7b396ff-6b8b-4c3d-a2fd-8b50ee1e075d}</UniqueIdentifier>
    </Filter>
    <Filter Include="DDSUtil\ScreenGrab">
      <UniqueIdentifier>{f0c1e87e-d276-4c06-9c52-74ba984664a7}</UniqueIdentifier>
    </Filter>
    <Filter Include="Headerdateien">
      <UniqueIdentifier>{93995380-89BD-4b04-88EB-625FBE52EBFB}</UniqueIdentifier>
      <Extensions>h;hh;hpp;hxx;hm;inl;inc;xsd</Extensions>
    </Filter>
  </ItemGroup>
  <ItemGroup>
    <ClInclude Include="Source\CapsuleLightShader.h">
      <Filter>Headerdateien</Filter>
    </ClInclude>
    <ClInclude Include="Source\SpotLightShader.h">
      <Filter>Headerdateien</Filter>
    </ClInclude>
    <ClInclude Include="Source\DDSUtil\DDSTextureLoader\DDSTextureLoader.h">
      <Filter>DDSUtil\DDSLoader</Filter>
    </ClInclude>
    <ClInclude Include="Source\DDSUtil\ScreenGrab\ScreenGrab.h">
      <Filter>DDSUtil\ScreenGrab</Filter>
    </ClInclude>
    <ClInclude Include="Source\Application.h">
      <Filter>Headerdateien</Filter>
    </ClInclude>
    <ClInclude Include="Source\Camera.h">
      <Filter>Headerdateien</Filter>
    </ClInclude>
    <ClInclude Include="Source\CPUPerformance.h">
      <Filter>Headerdateien</Filter>
    </ClInclude>
    <ClInclude Include="Source\D3D.h">
      <Filter>Headerdateien</Filter>
    </ClInclude>
    <ClInclude Include="Source\DeferredBuffer.h">
      <Filter>Headerdateien</Filter>
    </ClInclude>
    <ClInclude Include="Source\DeferredShader.h">
      <Filter>Headerdateien</Filter>
    </ClInclude>
    <ClInclude Include="Source\DirectionalLightShader.h">
      <Filter>Headerdateien</Filter>
    </ClInclude>
    <ClInclude Include="Source\FPSTimer.h">
      <Filter>Headerdateien</Filter>
    </ClInclude>
    <ClInclude Include="Source\GBufferDebuggingShader.h">
      <Filter>Headerdateien</Filter>
    </ClInclude>
    <ClInclude Include="Source\IBLShader.h">
      <Filter>Headerdateien</Filter>
    </ClInclude>
    <ClInclude Include="Source\LightManager.h">
      <Filter>Headerdateien</Filter>
    </ClInclude>
    <ClInclude Include="Source\MaterialManager.h">
      <Filter>Headerdateien</Filter>
    </ClInclude>
    <ClInclude Include="Source\PBStaticModel.h">
      <Filter>Headerdateien</Filter>
    </ClInclude>
    <ClInclude Include="Source\ShaderManager.h">
      <Filter>Headerdateien</Filter>
    </ClInclude>
    <ClInclude Include="Source\StateManager.h">
      <Filter>Headerdateien</Filter>
    </ClInclude>
    <ClInclude Include="Source\System.h">
      <Filter>Headerdateien</Filter>
    </ClInclude>
    <ClInclude Include="Source\Terrain.h">
      <Filter>Headerdateien</Filter>
    </ClInclude>
    <ClInclude Include="Source\Texture.h">
      <Filter>Headerdateien</Filter>
    </ClInclude>
    <ClInclude Include="Source\TextureManager.h">
      <Filter>Headerdateien</Filter>
    </ClInclude>
    <ClInclude Include="Source\TextureShader.h">
      <Filter>Headerdateien</Filter>
    </ClInclude>
    <ClInclude Include="Source\Timer.h">
      <Filter>Headerdateien</Filter>
    </ClInclude>
    <ClInclude Include="Source\UserInput.h">
      <Filter>Headerdateien</Filter>
    </ClInclude>
    <ClInclude Include="Source\UserInterface.h">
      <Filter>Headerdateien</Filter>
    </ClInclude>
    <ClInclude Include="Source\SceneWorldData.h">
      <Filter>Headerdateien</Filter>
    </ClInclude>
    <ClInclude Include="Source\AnimatedModel.h">
      <Filter>Headerdateien</Filter>
    </ClInclude>
    <ClInclude Include="Source\Bitmap.h">
      <Filter>Headerdateien</Filter>
    </ClInclude>
    <ClInclude Include="Source\PhysicWorld.h">
      <Filter>Headerdateien</Filter>
    </ClInclude>
    <ClInclude Include="Source\ModelManager.h">
      <Filter>Headerdateien</Filter>
    </ClInclude>
    <ClInclude Include="Source\SkyBoxShader.h">
      <Filter>Headerdateien</Filter>
    </ClInclude>
    <ClInclude Include="Source\LineListShader.h">
      <Filter>Headerdateien</Filter>
    </ClInclude>
    <ClInclude Include="Source\FrustumCulling.h">
      <Filter>Headerdateien</Filter>
    </ClInclude>
    <ClInclude Include="Source\CommandManager.h">
      <Filter>Headerdateien</Filter>
    </ClInclude>
    <ClInclude Include="Source\CommandBase.h">
      <Filter>Headerdateien</Filter>
    </ClInclude>
    <ClInclude Include="Source\PointLightShader.h">
      <Filter>Headerdateien</Filter>
    </ClInclude>
    <ClInclude Include="Source\PhysicDebugDraw.h">
      <Filter>Headerdateien</Filter>
    </ClInclude>
    <ClInclude Include="Source\Map.h">
      <Filter>Headerdateien</Filter>
    </ClInclude>
    <ClInclude Include="Source\ConvexDecomposition.h">
      <Filter>Headerdateien</Filter>
    </ClInclude>
    <ClInclude Include="Source\ConfigData.h">
      <Filter>Headerdateien</Filter>
    </ClInclude>
    <ClInclude Include="Source\ConfigDataParser.h">
      <Filter>Headerdateien</Filter>
    </ClInclude>
    <ClInclude Include="Source\ConfigDataSection.h">
      <Filter>Headerdateien</Filter>
    </ClInclude>
    <ClInclude Include="Source\RigidBodys.h">
      <Filter>Headerdateien</Filter>
    </ClInclude>
  </ItemGroup>
  <ItemGroup>
    <ClCompile Include="Source\main.cpp">
      <Filter>Quelldateien</Filter>
    </ClCompile>
    <ClCompile Include="Source\SpotLightShader.cpp">
      <Filter>Quelldateien</Filter>
    </ClCompile>
    <ClCompile Include="Source\DDSUtil\DDSTextureLoader\DDSTextureLoader.cpp">
      <Filter>DDSUtil\DDSLoader</Filter>
    </ClCompile>
    <ClCompile Include="Source\DDSUtil\ScreenGrab\ScreenGrab.cpp">
      <Filter>DDSUtil\ScreenGrab</Filter>
    </ClCompile>
    <ClCompile Include="Source\CapsuleLightShader.cpp">
      <Filter>Quelldateien</Filter>
    </ClCompile>
    <ClCompile Include="Source\Application.cpp">
      <Filter>Quelldateien</Filter>
    </ClCompile>
    <ClCompile Include="Source\Camera.cpp">
      <Filter>Quelldateien</Filter>
    </ClCompile>
    <ClCompile Include="Source\CPUPerformance.cpp">
      <Filter>Quelldateien</Filter>
    </ClCompile>
    <ClCompile Include="Source\D3D.cpp">
      <Filter>Quelldateien</Filter>
    </ClCompile>
    <ClCompile Include="Source\DeferredBuffer.cpp">
      <Filter>Quelldateien</Filter>
    </ClCompile>
    <ClCompile Include="Source\DeferredShader.cpp">
      <Filter>Quelldateien</Filter>
    </ClCompile>
    <ClCompile Include="Source\DirectionalLightShader.cpp">
      <Filter>Quelldateien</Filter>
    </ClCompile>
    <ClCompile Include="Source\FPSTimer.cpp">
      <Filter>Quelldateien</Filter>
    </ClCompile>
    <ClCompile Include="Source\GBufferDebuggingShader.cpp">
      <Filter>Quelldateien</Filter>
    </ClCompile>
    <ClCompile Include="Source\IBLShader.cpp">
      <Filter>Quelldateien</Filter>
    </ClCompile>
    <ClCompile Include="Source\LightManager.cpp">
      <Filter>Quelldateien</Filter>
    </ClCompile>
    <ClCompile Include="Source\MaterialManager.cpp">
      <Filter>Quelldateien</Filter>
    </ClCompile>
    <ClCompile Include="Source\PBStaticModel.cpp">
      <Filter>Quelldateien</Filter>
    </ClCompile>
    <ClCompile Include="Source\ShaderManager.cpp">
      <Filter>Quelldateien</Filter>
    </ClCompile>
    <ClCompile Include="Source\StateManager.cpp">
      <Filter>Quelldateien</Filter>
    </ClCompile>
    <ClCompile Include="Source\System.cpp">
      <Filter>Quelldateien</Filter>
    </ClCompile>
    <ClCompile Include="Source\Terrain.cpp">
      <Filter>Quelldateien</Filter>
    </ClCompile>
    <ClCompile Include="Source\Texture.cpp">
      <Filter>Quelldateien</Filter>
    </ClCompile>
    <ClCompile Include="Source\TextureManager.cpp">
      <Filter>Quelldateien</Filter>
    </ClCompile>
    <ClCompile Include="Source\TextureShader.cpp">
      <Filter>Quelldateien</Filter>
    </ClCompile>
    <ClCompile Include="Source\Timer.cpp">
      <Filter>Quelldateien</Filter>
    </ClCompile>
    <ClCompile Include="Source\UserInput.cpp">
      <Filter>Quelldateien</Filter>
    </ClCompile>
    <ClCompile Include="Source\UserInterface.cpp">
      <Filter>Quelldateien</Filter>
    </ClCompile>
    <ClCompile Include="Source\SceneWorldData.cpp">
      <Filter>Quelldateien</Filter>
    </ClCompile>
    <ClCompile Include="Source\AnimatedModel.cpp">
      <Filter>Quelldateien</Filter>
    </ClCompile>
    <ClCompile Include="Source\Bitmap.cpp">
      <Filter>Quelldateien</Filter>
    </ClCompile>
    <ClCompile Include="Source\ModelManager.cpp">
      <Filter>Quelldateien</Filter>
    </ClCompile>
    <ClCompile Include="Source\SkyBoxShader.cpp">
      <Filter>Quelldateien</Filter>
    </ClCompile>
    <ClCompile Include="Source\LineListShader.cpp">
      <Filter>Quelldateien</Filter>
    </ClCompile>
    <ClCompile Include="Source\FrustumCulling.cpp">
      <Filter>Quelldateien</Filter>
    </ClCompile>
    <ClCompile Include="Source\CommandManager.cpp">
      <Filter>Quelldateien</Filter>
    </ClCompile>
    <ClCompile Include="Source\CommandBase.cpp">
      <Filter>Quelldateien</Filter>
    </ClCompile>
    <ClCompile Include="Source\PointLightShader.cpp">
      <Filter>Quelldateien</Filter>
    </ClCompile>
    <ClCompile Include="Source\Map.cpp">
      <Filter>Quelldateien</Filter>
    </ClCompile>
    <ClCompile Include="Source\PhysicWorld.cpp">
      <Filter>Quelldateien</Filter>
    </ClCompile>
    <ClCompile Include="Source\ConvexDecomposition.cpp">
      <Filter>Quelldateien</Filter>
    </ClCompile>
    <ClCompile Include="Source\ConfigData.cpp">
      <Filter>Quelldateien</Filter>
    </ClCompile>
    <ClCompile Include="Source\ConfigDataParser.cpp">
      <Filter>Quelldateien</Filter>
    </ClCompile>
    <ClCompile Include="Source\ConfigDataSection.cpp">
      <Filter>Quelldateien</Filter>
    </ClCompile>
    <ClCompile Include="Source\RigidBodys.cpp">
      <Filter>Quelldateien</Filter>
    </ClCompile>
  </ItemGroup>
  <ItemGroup>
    <FxCompile Include="DeferredPointLightShader.hlsl">
      <Filter>Shader</Filter>
    </FxCompile>
    <FxCompile Include="DeferredShaderCommon.hlsl">
      <Filter>Shader</Filter>
    </FxCompile>
    <FxCompile Include="DeferredSpotLightShader.hlsl">
      <Filter>Shader</Filter>
    </FxCompile>
    <FxCompile Include="FillGBuffer.hlsl">
      <Filter>Shader</Filter>
    </FxCompile>
    <FxCompile Include="ForwardCapsuleLightShader.hlsl">
      <Filter>Shader</Filter>
    </FxCompile>
    <FxCompile Include="ForwardDirectionalLightShader.hlsl">
      <Filter>Shader</Filter>
    </FxCompile>
    <FxCompile Include="ForwardIBLShader.hlsl">
      <Filter>Shader</Filter>
    </FxCompile>
    <FxCompile Include="ForwardPointLightShader.hlsl">
      <Filter>Shader</Filter>
    </FxCompile>
    <FxCompile Include="ForwardShaderCommon.hlsl">
      <Filter>Shader</Filter>
    </FxCompile>
    <FxCompile Include="ForwardSpotLightShader.hlsl">
      <Filter>Shader</Filter>
    </FxCompile>
    <FxCompile Include="GBufferDebugging.hlsl">
      <Filter>Shader</Filter>
    </FxCompile>
    <FxCompile Include="DeferredCapsuleLightShader.hlsl">
      <Filter>Shader</Filter>
    </FxCompile>
    <FxCompile Include="DeferredDirectionalLightShader.hlsl">
      <Filter>Shader</Filter>
    </FxCompile>
    <FxCompile Include="DeferredIBLShader.hlsl">
      <Filter>Shader</Filter>
    </FxCompile>
    <FxCompile Include="TextureShader.hlsl">
      <Filter>Shader</Filter>
    </FxCompile>
    <FxCompile Include="PBRCommon.hlsl">
      <Filter>Shader</Filter>
    </FxCompile>
    <FxCompile Include="SkyboxShader.hlsl">
      <Filter>Shader</Filter>
    </FxCompile>
  </ItemGroup>
  <ItemGroup>
    <None Include="LineShader.hlsl">
      <Filter>Shader</Filter>
    </None>
  </ItemGroup>
</Project>